// !$*UTF8*$!
{
	archiveVersion = 1;
	classes = {
	};
	objectVersion = 46;
	objects = {

/* Begin PBXBuildFile section */
		1B9389A41583C9D30088F468 /* MasterViewController.m in Sources */ = {isa = PBXBuildFile; fileRef = 1B9389A31583C9D30088F468 /* MasterViewController.m */; };
		1B9389A81583CB170088F468 /* MapViewController.m in Sources */ = {isa = PBXBuildFile; fileRef = 1B9389A71583CB170088F468 /* MapViewController.m */; };
		1B9389AA1583CB460088F468 /* MapKit.framework in Frameworks */ = {isa = PBXBuildFile; fileRef = 1B9389A91583CB460088F468 /* MapKit.framework */; };
		1B9389B01583EB110088F468 /* CoreLocation.framework in Frameworks */ = {isa = PBXBuildFile; fileRef = 1B9389AF1583EB110088F468 /* CoreLocation.framework */; };
		1B9389BB1584EF010088F468 /* BusinessLocationsTracker.m in Sources */ = {isa = PBXBuildFile; fileRef = 1B9389BA1584EF010088F468 /* BusinessLocationsTracker.m */; };
		1BA358E81582F05E00EB8F32 /* UIKit.framework in Frameworks */ = {isa = PBXBuildFile; fileRef = 1BA358E71582F05E00EB8F32 /* UIKit.framework */; };
		1BA358EA1582F05E00EB8F32 /* Foundation.framework in Frameworks */ = {isa = PBXBuildFile; fileRef = 1BA358E91582F05E00EB8F32 /* Foundation.framework */; };
		1BA358EC1582F05E00EB8F32 /* CoreGraphics.framework in Frameworks */ = {isa = PBXBuildFile; fileRef = 1BA358EB1582F05E00EB8F32 /* CoreGraphics.framework */; };
		1BA358F21582F05E00EB8F32 /* InfoPlist.strings in Resources */ = {isa = PBXBuildFile; fileRef = 1BA358F01582F05E00EB8F32 /* InfoPlist.strings */; };
		1BA358F41582F05E00EB8F32 /* main.m in Sources */ = {isa = PBXBuildFile; fileRef = 1BA358F31582F05E00EB8F32 /* main.m */; };
		1BA358F81582F05E00EB8F32 /* AppDelegate.m in Sources */ = {isa = PBXBuildFile; fileRef = 1BA358F71582F05E00EB8F32 /* AppDelegate.m */; };
		6F2A39171587B2AB0024FB52 /* Business.m in Sources */ = {isa = PBXBuildFile; fileRef = 6F2A39161587B2AB0024FB52 /* Business.m */; };
/* End PBXBuildFile section */

/* Begin PBXFileReference section */
		1B9389A21583C9D30088F468 /* MasterViewController.h */ = {isa = PBXFileReference; fileEncoding = 4; lastKnownFileType = sourcecode.c.h; path = MasterViewController.h; sourceTree = "<group>"; };
		1B9389A31583C9D30088F468 /* MasterViewController.m */ = {isa = PBXFileReference; fileEncoding = 4; lastKnownFileType = sourcecode.c.objc; path = MasterViewController.m; sourceTree = "<group>"; };
		1B9389A61583CB170088F468 /* MapViewController.h */ = {isa = PBXFileReference; fileEncoding = 4; lastKnownFileType = sourcecode.c.h; path = MapViewController.h; sourceTree = "<group>"; };
		1B9389A71583CB170088F468 /* MapViewController.m */ = {isa = PBXFileReference; fileEncoding = 4; lastKnownFileType = sourcecode.c.objc; path = MapViewController.m; sourceTree = "<group>"; };
		1B9389A91583CB460088F468 /* MapKit.framework */ = {isa = PBXFileReference; lastKnownFileType = wrapper.framework; name = MapKit.framework; path = System/Library/Frameworks/MapKit.framework; sourceTree = SDKROOT; };
		1B9389AF1583EB110088F468 /* CoreLocation.framework */ = {isa = PBXFileReference; lastKnownFileType = wrapper.framework; name = CoreLocation.framework; path = System/Library/Frameworks/CoreLocation.framework; sourceTree = SDKROOT; };
		1B9389B91584EF010088F468 /* BusinessLocationsTracker.h */ = {isa = PBXFileReference; fileEncoding = 4; lastKnownFileType = sourcecode.c.h; path = BusinessLocationsTracker.h; sourceTree = "<group>"; };
		1B9389BA1584EF010088F468 /* BusinessLocationsTracker.m */ = {isa = PBXFileReference; fileEncoding = 4; lastKnownFileType = sourcecode.c.objc; path = BusinessLocationsTracker.m; sourceTree = "<group>"; };
		1BA358E31582F05E00EB8F32 /* ApplaudLocations.app */ = {isa = PBXFileReference; explicitFileType = wrapper.application; includeInIndex = 0; path = ApplaudLocations.app; sourceTree = BUILT_PRODUCTS_DIR; };
		1BA358E71582F05E00EB8F32 /* UIKit.framework */ = {isa = PBXFileReference; lastKnownFileType = wrapper.framework; name = UIKit.framework; path = System/Library/Frameworks/UIKit.framework; sourceTree = SDKROOT; };
		1BA358E91582F05E00EB8F32 /* Foundation.framework */ = {isa = PBXFileReference; lastKnownFileType = wrapper.framework; name = Foundation.framework; path = System/Library/Frameworks/Foundation.framework; sourceTree = SDKROOT; };
		1BA358EB1582F05E00EB8F32 /* CoreGraphics.framework */ = {isa = PBXFileReference; lastKnownFileType = wrapper.framework; name = CoreGraphics.framework; path = System/Library/Frameworks/CoreGraphics.framework; sourceTree = SDKROOT; };
		1BA358EF1582F05E00EB8F32 /* ApplaudLocations-Info.plist */ = {isa = PBXFileReference; lastKnownFileType = text.plist.xml; path = "ApplaudLocations-Info.plist"; sourceTree = "<group>"; };
		1BA358F11582F05E00EB8F32 /* en */ = {isa = PBXFileReference; lastKnownFileType = text.plist.strings; name = en; path = en.lproj/InfoPlist.strings; sourceTree = "<group>"; };
		1BA358F31582F05E00EB8F32 /* main.m */ = {isa = PBXFileReference; lastKnownFileType = sourcecode.c.objc; path = main.m; sourceTree = "<group>"; };
		1BA358F51582F05E00EB8F32 /* ApplaudLocations-Prefix.pch */ = {isa = PBXFileReference; lastKnownFileType = sourcecode.c.h; path = "ApplaudLocations-Prefix.pch"; sourceTree = "<group>"; };
		1BA358F61582F05E00EB8F32 /* AppDelegate.h */ = {isa = PBXFileReference; lastKnownFileType = sourcecode.c.h; path = AppDelegate.h; sourceTree = "<group>"; };
		1BA358F71582F05E00EB8F32 /* AppDelegate.m */ = {isa = PBXFileReference; lastKnownFileType = sourcecode.c.objc; path = AppDelegate.m; sourceTree = "<group>"; };
		6F2A39151587B2AB0024FB52 /* Business.h */ = {isa = PBXFileReference; fileEncoding = 4; lastKnownFileType = sourcecode.c.h; path = Business.h; sourceTree = "<group>"; };
		6F2A39161587B2AB0024FB52 /* Business.m */ = {isa = PBXFileReference; fileEncoding = 4; lastKnownFileType = sourcecode.c.objc; path = Business.m; sourceTree = "<group>"; };
/* End PBXFileReference section */

/* Begin PBXFrameworksBuildPhase section */
		1BA358E01582F05E00EB8F32 /* Frameworks */ = {
			isa = PBXFrameworksBuildPhase;
			buildActionMask = 2147483647;
			files = (
				1B9389B01583EB110088F468 /* CoreLocation.framework in Frameworks */,
				1B9389AA1583CB460088F468 /* MapKit.framework in Frameworks */,
				1BA358E81582F05E00EB8F32 /* UIKit.framework in Frameworks */,
				1BA358EA1582F05E00EB8F32 /* Foundation.framework in Frameworks */,
				1BA358EC1582F05E00EB8F32 /* CoreGraphics.framework in Frameworks */,
			);
			runOnlyForDeploymentPostprocessing = 0;
		};
/* End PBXFrameworksBuildPhase section */

/* Begin PBXGroup section */
		1BA358D81582F05E00EB8F32 = {
			isa = PBXGroup;
			children = (
				1BA358ED1582F05E00EB8F32 /* ApplaudLocations */,
				1BA358E61582F05E00EB8F32 /* Frameworks */,
				1BA358E41582F05E00EB8F32 /* Products */,
			);
			sourceTree = "<group>";
		};
		1BA358E41582F05E00EB8F32 /* Products */ = {
			isa = PBXGroup;
			children = (
				1BA358E31582F05E00EB8F32 /* ApplaudLocations.app */,
			);
			name = Products;
			sourceTree = "<group>";
		};
		1BA358E61582F05E00EB8F32 /* Frameworks */ = {
			isa = PBXGroup;
			children = (
				1B9389AF1583EB110088F468 /* CoreLocation.framework */,
				1B9389A91583CB460088F468 /* MapKit.framework */,
				1BA358E71582F05E00EB8F32 /* UIKit.framework */,
				1BA358E91582F05E00EB8F32 /* Foundation.framework */,
				1BA358EB1582F05E00EB8F32 /* CoreGraphics.framework */,
			);
			name = Frameworks;
			sourceTree = "<group>";
		};
		1BA358ED1582F05E00EB8F32 /* ApplaudLocations */ = {
			isa = PBXGroup;
			children = (
				1BA358F61582F05E00EB8F32 /* AppDelegate.h */,
				1BA358F71582F05E00EB8F32 /* AppDelegate.m */,
				1B9389A21583C9D30088F468 /* MasterViewController.h */,
				1B9389A31583C9D30088F468 /* MasterViewController.m */,
				1B9389A61583CB170088F468 /* MapViewController.h */,
				1B9389A71583CB170088F468 /* MapViewController.m */,
				1B9389B91584EF010088F468 /* BusinessLocationsTracker.h */,
				1B9389BA1584EF010088F468 /* BusinessLocationsTracker.m */,
				6F2A39151587B2AB0024FB52 /* Business.h */,
				6F2A39161587B2AB0024FB52 /* Business.m */,
				1BA358EE1582F05E00EB8F32 /* Supporting Files */,
			);
			path = ApplaudLocations;
			sourceTree = "<group>";
		};
		1BA358EE1582F05E00EB8F32 /* Supporting Files */ = {
			isa = PBXGroup;
			children = (
				1BA358EF1582F05E00EB8F32 /* ApplaudLocations-Info.plist */,
				1BA358F01582F05E00EB8F32 /* InfoPlist.strings */,
				1BA358F31582F05E00EB8F32 /* main.m */,
				1BA358F51582F05E00EB8F32 /* ApplaudLocations-Prefix.pch */,
			);
			name = "Supporting Files";
			sourceTree = "<group>";
		};
/* End PBXGroup section */

/* Begin PBXNativeTarget section */
		1BA358E21582F05E00EB8F32 /* ApplaudLocations */ = {
			isa = PBXNativeTarget;
			buildConfigurationList = 1BA358FB1582F05E00EB8F32 /* Build configuration list for PBXNativeTarget "ApplaudLocations" */;
			buildPhases = (
				1BA358DF1582F05E00EB8F32 /* Sources */,
				1BA358E01582F05E00EB8F32 /* Frameworks */,
				1BA358E11582F05E00EB8F32 /* Resources */,
			);
			buildRules = (
			);
			dependencies = (
			);
			name = ApplaudLocations;
			productName = ApplaudLocations;
			productReference = 1BA358E31582F05E00EB8F32 /* ApplaudLocations.app */;
			productType = "com.apple.product-type.application";
		};
/* End PBXNativeTarget section */

/* Begin PBXProject section */
		1BA358DA1582F05E00EB8F32 /* Project object */ = {
			isa = PBXProject;
			attributes = {
				LastUpgradeCheck = 0430;
				ORGANIZATIONNAME = "Applaud, Inc";
			};
			buildConfigurationList = 1BA358DD1582F05E00EB8F32 /* Build configuration list for PBXProject "ApplaudIOS" */;
			compatibilityVersion = "Xcode 3.2";
			developmentRegion = English;
			hasScannedForEncodings = 0;
			knownRegions = (
				en,
			);
			mainGroup = 1BA358D81582F05E00EB8F32;
			productRefGroup = 1BA358E41582F05E00EB8F32 /* Products */;
			projectDirPath = "";
			projectRoot = "";
			targets = (
				1BA358E21582F05E00EB8F32 /* ApplaudLocations */,
			);
		};
/* End PBXProject section */

/* Begin PBXResourcesBuildPhase section */
		1BA358E11582F05E00EB8F32 /* Resources */ = {
			isa = PBXResourcesBuildPhase;
			buildActionMask = 2147483647;
			files = (
				1BA358F21582F05E00EB8F32 /* InfoPlist.strings in Resources */,
			);
			runOnlyForDeploymentPostprocessing = 0;
		};
/* End PBXResourcesBuildPhase section */

/* Begin PBXSourcesBuildPhase section */
		1BA358DF1582F05E00EB8F32 /* Sources */ = {
			isa = PBXSourcesBuildPhase;
			buildActionMask = 2147483647;
			files = (
				1BA358F41582F05E00EB8F32 /* main.m in Sources */,
				1BA358F81582F05E00EB8F32 /* AppDelegate.m in Sources */,
				1B9389A41583C9D30088F468 /* MasterViewController.m in Sources */,
				1B9389A81583CB170088F468 /* MapViewController.m in Sources */,
				1B9389BB1584EF010088F468 /* BusinessLocationsTracker.m in Sources */,
				6F2A39171587B2AB0024FB52 /* Business.m in Sources */,
			);
			runOnlyForDeploymentPostprocessing = 0;
		};
/* End PBXSourcesBuildPhase section */

/* Begin PBXVariantGroup section */
		1BA358F01582F05E00EB8F32 /* InfoPlist.strings */ = {
			isa = PBXVariantGroup;
			children = (
				1BA358F11582F05E00EB8F32 /* en */,
			);
			name = InfoPlist.strings;
			sourceTree = "<group>";
		};
/* End PBXVariantGroup section */

/* Begin XCBuildConfiguration section */
		1BA358F91582F05E00EB8F32 /* Debug */ = {
			isa = XCBuildConfiguration;
			buildSettings = {
				ALWAYS_SEARCH_USER_PATHS = NO;
				ARCHS = "$(ARCHS_STANDARD_32_BIT)";
				CLANG_ENABLE_OBJC_ARC = YES;
				"CODE_SIGN_IDENTITY[sdk=iphoneos*]" = "iPhone Developer";
				COPY_PHASE_STRIP = NO;
				GCC_C_LANGUAGE_STANDARD = gnu99;
				GCC_DYNAMIC_NO_PIC = NO;
				GCC_OPTIMIZATION_LEVEL = 0;
				GCC_PREPROCESSOR_DEFINITIONS = (
					"DEBUG=1",
					"$(inherited)",
				);
				GCC_SYMBOLS_PRIVATE_EXTERN = NO;
				GCC_VERSION = com.apple.compilers.llvm.clang.1_0;
				GCC_WARN_ABOUT_RETURN_TYPE = YES;
				GCC_WARN_UNINITIALIZED_AUTOS = YES;
				GCC_WARN_UNUSED_VARIABLE = YES;
				IPHONEOS_DEPLOYMENT_TARGET = 5.1;
				SDKROOT = iphoneos;
				TARGETED_DEVICE_FAMILY = "1,2";
			};
			name = Debug;
		};
		1BA358FA1582F05E00EB8F32 /* Release */ = {
			isa = XCBuildConfiguration;
			buildSettings = {
				ALWAYS_SEARCH_USER_PATHS = NO;
				ARCHS = "$(ARCHS_STANDARD_32_BIT)";
				CLANG_ENABLE_OBJC_ARC = YES;
				"CODE_SIGN_IDENTITY[sdk=iphoneos*]" = "iPhone Developer";
				COPY_PHASE_STRIP = YES;
				GCC_C_LANGUAGE_STANDARD = gnu99;
				GCC_VERSION = com.apple.compilers.llvm.clang.1_0;
				GCC_WARN_ABOUT_RETURN_TYPE = YES;
				GCC_WARN_UNINITIALIZED_AUTOS = YES;
				GCC_WARN_UNUSED_VARIABLE = YES;
				IPHONEOS_DEPLOYMENT_TARGET = 5.1;
				OTHER_CFLAGS = "-DNS_BLOCK_ASSERTIONS=1";
				SDKROOT = iphoneos;
				TARGETED_DEVICE_FAMILY = "1,2";
				VALIDATE_PRODUCT = YES;
			};
			name = Release;
		};
		1BA358FC1582F05E00EB8F32 /* Debug */ = {
			isa = XCBuildConfiguration;
			buildSettings = {
				GCC_PRECOMPILE_PREFIX_HEADER = YES;
				GCC_PREFIX_HEADER = "ApplaudLocations/ApplaudIOS-Prefix.pch";
				INFOPLIST_FILE = "ApplaudLocations/ApplaudIOS-Info.plist";
				PRODUCT_NAME = "$(TARGET_NAME)";
				WRAPPER_EXTENSION = app;
			};
			name = Debug;
		};
		1BA358FD1582F05E00EB8F32 /* Release */ = {
			isa = XCBuildConfiguration;
			buildSettings = {
				GCC_PRECOMPILE_PREFIX_HEADER = YES;
				GCC_PREFIX_HEADER = "ApplaudLocations/ApplaudIOS-Prefix.pch";
				INFOPLIST_FILE = "ApplaudLocations/ApplaudIOS-Info.plist";
				PRODUCT_NAME = "$(TARGET_NAME)";
				WRAPPER_EXTENSION = app;
			};
			name = Release;
		};
/* End XCBuildConfiguration section */

/* Begin XCConfigurationList section */
		1BA358DD1582F05E00EB8F32 /* Build configuration list for PBXProject "ApplaudIOS" */ = {
			isa = XCConfigurationList;
			buildConfigurations = (
				1BA358F91582F05E00EB8F32 /* Debug */,
				1BA358FA1582F05E00EB8F32 /* Release */,
			);
			defaultConfigurationIsVisible = 0;
			defaultConfigurationName = Release;
		};
		1BA358FB1582F05E00EB8F32 /* Build configuration list for PBXNativeTarget "ApplaudLocations" */ = {
			isa = XCConfigurationList;
			buildConfigurations = (
				1BA358FC1582F05E00EB8F32 /* Debug */,
				1BA358FD1582F05E00EB8F32 /* Release */,
			);
			defaultConfigurationIsVisible = 0;
			defaultConfigurationName = Release;
		};
/* End XCConfigurationList section */
	};
	rootObject = 1BA358DA1582F05E00EB8F32 /* Project object */;
}
