// !$*UTF8*$!
{
	archiveVersion = 1;
	classes = {
	};
	objectVersion = 46;
	objects = {

/* Begin PBXBuildFile section */
		1B07268C15D32590005EB452 /* downrate.png in Resources */ = {isa = PBXBuildFile; fileRef = 1B07268A15D32590005EB452 /* downrate.png */; };
		1B07268D15D32590005EB452 /* uprate.png in Resources */ = {isa = PBXBuildFile; fileRef = 1B07268B15D32590005EB452 /* uprate.png */; };
		1B0FA55615D0D9B80031259F /* PollFieldCell.m in Sources */ = {isa = PBXBuildFile; fileRef = 1B0FA55515D0D9B80031259F /* PollFieldCell.m */; };
		1B10A0EC15C20AE000A65FAE /* canceldown.png in Resources */ = {isa = PBXBuildFile; fileRef = 1B10A0EA15C20AE000A65FAE /* canceldown.png */; };
		1B10A0ED15C20AE000A65FAE /* cancelup.png in Resources */ = {isa = PBXBuildFile; fileRef = 1B10A0EB15C20AE000A65FAE /* cancelup.png */; };
		1B12763215B89B9600980AA2 /* MasterViewController.m in Sources */ = {isa = PBXBuildFile; fileRef = 1B12763015B89B9600980AA2 /* MasterViewController.m */; };
		1B12763315B89B9600980AA2 /* MasterViewController.xib in Resources */ = {isa = PBXBuildFile; fileRef = 1B12763115B89B9600980AA2 /* MasterViewController.xib */; };
		1B301C621588580E0038A5BE /* NFViewController.m in Sources */ = {isa = PBXBuildFile; fileRef = 1B301C601588580E0038A5BE /* NFViewController.m */; };
		1B301C631588580E0038A5BE /* NFViewController.xib in Resources */ = {isa = PBXBuildFile; fileRef = 1B301C611588580E0038A5BE /* NFViewController.xib */; };
		1B301C67158858430038A5BE /* EmployeeViewController.m in Sources */ = {isa = PBXBuildFile; fileRef = 1B301C65158858430038A5BE /* EmployeeViewController.m */; };
		1B301C68158858430038A5BE /* EmployeeViewController.xib in Resources */ = {isa = PBXBuildFile; fileRef = 1B301C66158858430038A5BE /* EmployeeViewController.xib */; };
		1B301C6D158858560038A5BE /* QuestionsViewController.m in Sources */ = {isa = PBXBuildFile; fileRef = 1B301C6B158858560038A5BE /* QuestionsViewController.m */; };
		1B301C6E158858560038A5BE /* QuestionsViewController.xib in Resources */ = {isa = PBXBuildFile; fileRef = 1B301C6C158858560038A5BE /* QuestionsViewController.xib */; };
		1B3769E015D05505001214B7 /* PollsViewController.m in Sources */ = {isa = PBXBuildFile; fileRef = 1B3769DE15D05505001214B7 /* PollsViewController.m */; };
		1B3769E115D05505001214B7 /* PollsViewController.xib in Resources */ = {isa = PBXBuildFile; fileRef = 1B3769DF15D05505001214B7 /* PollsViewController.xib */; };
		1B3769E515D057C4001214B7 /* Poll.m in Sources */ = {isa = PBXBuildFile; fileRef = 1B3769E415D057C4001214B7 /* Poll.m */; };
		1B51400F158F93F4008CB057 /* CoreData.framework in Frameworks */ = {isa = PBXBuildFile; fileRef = 1B51400E158F93F4008CB057 /* CoreData.framework */; };
		1B514013158F9441008CB057 /* ApplaudProgramState.xcdatamodeld in Sources */ = {isa = PBXBuildFile; fileRef = 1B514011158F9441008CB057 /* ApplaudProgramState.xcdatamodeld */; };
		1B514016158FA233008CB057 /* ApplaudProgramSettingsModel.m in Sources */ = {isa = PBXBuildFile; fileRef = 1B514015158FA233008CB057 /* ApplaudProgramSettingsModel.m */; };
		1B5D02FF15C44CF400976D33 /* Default@2x~ipad.png in Resources */ = {isa = PBXBuildFile; fileRef = 1B5D02FB15C44CF400976D33 /* Default@2x~ipad.png */; };
		1B5D030115C44CF400976D33 /* Default~ipad.png in Resources */ = {isa = PBXBuildFile; fileRef = 1B5D02FD15C44CF400976D33 /* Default~ipad.png */; };
		1B5D030A15C4564300976D33 /* ErrorViewController.m in Sources */ = {isa = PBXBuildFile; fileRef = 1B5D030815C4564300976D33 /* ErrorViewController.m */; };
		1B5D030E15C456E700976D33 /* Default.png in Resources */ = {isa = PBXBuildFile; fileRef = 1B5D030C15C456E700976D33 /* Default.png */; };
		1B5D030F15C456E700976D33 /* Default@2x.png in Resources */ = {isa = PBXBuildFile; fileRef = 1B5D030D15C456E700976D33 /* Default@2x.png */; };
		1B60ED8515C878D700D63365 /* cancelrating.png in Resources */ = {isa = PBXBuildFile; fileRef = 1B60ED8315C878D700D63365 /* cancelrating.png */; };
		1B60ED8615C878D700D63365 /* cancelrating@2x.png in Resources */ = {isa = PBXBuildFile; fileRef = 1B60ED8415C878D700D63365 /* cancelrating@2x.png */; };
		1B60ED8C15C8870800D63365 /* shareyourthoughts@2x.png in Resources */ = {isa = PBXBuildFile; fileRef = 1B60ED8B15C8870800D63365 /* shareyourthoughts@2x.png */; };
		1B67EE7D15D1B64400F94CA0 /* PollSubmitCancelCell.m in Sources */ = {isa = PBXBuildFile; fileRef = 1B67EE7C15D1B64400F94CA0 /* PollSubmitCancelCell.m */; };
		1B688DB915C3811900FCDCEE /* dialog.png in Resources */ = {isa = PBXBuildFile; fileRef = 1B688DB315C3811900FCDCEE /* dialog.png */; };
		1B688DBA15C3811900FCDCEE /* dialog@2x.png in Resources */ = {isa = PBXBuildFile; fileRef = 1B688DB415C3811900FCDCEE /* dialog@2x.png */; };
		1B688DBB15C3811900FCDCEE /* employees.png in Resources */ = {isa = PBXBuildFile; fileRef = 1B688DB515C3811900FCDCEE /* employees.png */; };
		1B688DBC15C3811900FCDCEE /* employees@2x.png in Resources */ = {isa = PBXBuildFile; fileRef = 1B688DB615C3811900FCDCEE /* employees@2x.png */; };
		1B688DBD15C3811900FCDCEE /* newsfeed.png in Resources */ = {isa = PBXBuildFile; fileRef = 1B688DB715C3811900FCDCEE /* newsfeed.png */; };
		1B688DBE15C3811900FCDCEE /* newsfeed@2x.png in Resources */ = {isa = PBXBuildFile; fileRef = 1B688DB815C3811900FCDCEE /* newsfeed@2x.png */; };
		1B688DC015C3A94700FCDCEE /* shareyourthoughts.png in Resources */ = {isa = PBXBuildFile; fileRef = 1B688DBF15C3A94700FCDCEE /* shareyourthoughts.png */; };
		1B6D226915CA1BDE009A533B /* home.png in Resources */ = {isa = PBXBuildFile; fileRef = 1B6D226815CA1BDE009A533B /* home.png */; };
		1B6D227015CA429C009A533B /* logo.png in Resources */ = {isa = PBXBuildFile; fileRef = 1B6D226E15CA429C009A533B /* logo.png */; };
		1B6D227115CA429C009A533B /* logo@2x.png in Resources */ = {isa = PBXBuildFile; fileRef = 1B6D226F15CA429C009A533B /* logo@2x.png */; };
		1B6D228215CA7289009A533B /* favicon.png in Resources */ = {isa = PBXBuildFile; fileRef = 1B6D228115CA7289009A533B /* favicon.png */; };
		1B6D228415CA7292009A533B /* favicon@2x.png in Resources */ = {isa = PBXBuildFile; fileRef = 1B6D228315CA7292009A533B /* favicon@2x.png */; };
		1B73581D15BDF08F00D87F4E /* libSDWebImageARC.a in Frameworks */ = {isa = PBXBuildFile; fileRef = 1B73581715BDF03D00D87F4E /* libSDWebImageARC.a */; };
		1B73582015BDF0A500D87F4E /* ImageIO.framework in Frameworks */ = {isa = PBXBuildFile; fileRef = 1B73581F15BDF0A500D87F4E /* ImageIO.framework */; };
		1B9389AA1583CB460088F468 /* MapKit.framework in Frameworks */ = {isa = PBXBuildFile; fileRef = 1B9389A91583CB460088F468 /* MapKit.framework */; };
		1B9389B01583EB110088F468 /* CoreLocation.framework in Frameworks */ = {isa = PBXBuildFile; fileRef = 1B9389AF1583EB110088F468 /* CoreLocation.framework */; };
		1B9389BB1584EF010088F468 /* BusinessLocationsTracker.m in Sources */ = {isa = PBXBuildFile; fileRef = 1B9389BA1584EF010088F468 /* BusinessLocationsTracker.m */; };
		1B9528C01590D87500103723 /* ConnectionManager.m in Sources */ = {isa = PBXBuildFile; fileRef = 1B9528BF1590D87500103723 /* ConnectionManager.m */; };
		1B9C3A6515B9272A000EEF1A /* QuartzCore.framework in Frameworks */ = {isa = PBXBuildFile; fileRef = 1B9C3A6415B9272A000EEF1A /* QuartzCore.framework */; };
		1B9C3A6815BA0637000EEF1A /* SurveyAccordionCell.m in Sources */ = {isa = PBXBuildFile; fileRef = 1B9C3A6715BA0637000EEF1A /* SurveyAccordionCell.m */; };
		1BA358E81582F05E00EB8F32 /* UIKit.framework in Frameworks */ = {isa = PBXBuildFile; fileRef = 1BA358E71582F05E00EB8F32 /* UIKit.framework */; };
		1BA358EA1582F05E00EB8F32 /* Foundation.framework in Frameworks */ = {isa = PBXBuildFile; fileRef = 1BA358E91582F05E00EB8F32 /* Foundation.framework */; };
		1BA358EC1582F05E00EB8F32 /* CoreGraphics.framework in Frameworks */ = {isa = PBXBuildFile; fileRef = 1BA358EB1582F05E00EB8F32 /* CoreGraphics.framework */; };
		1BA358F21582F05E00EB8F32 /* InfoPlist.strings in Resources */ = {isa = PBXBuildFile; fileRef = 1BA358F01582F05E00EB8F32 /* InfoPlist.strings */; };
		1BA358F41582F05E00EB8F32 /* main.m in Sources */ = {isa = PBXBuildFile; fileRef = 1BA358F31582F05E00EB8F32 /* main.m */; };
		1BA358F81582F05E00EB8F32 /* AppDelegate.m in Sources */ = {isa = PBXBuildFile; fileRef = 1BA358F71582F05E00EB8F32 /* AppDelegate.m */; };
		1BB4AC9F15BF3E68003E8B29 /* EmployeeBioCell.m in Sources */ = {isa = PBXBuildFile; fileRef = 1BB4AC9E15BF3E68003E8B29 /* EmployeeBioCell.m */; };
		1BC0D1C315D082A40027F9BF /* NewPollViewController.m in Sources */ = {isa = PBXBuildFile; fileRef = 1BC0D1C115D082A40027F9BF /* NewPollViewController.m */; };
		1BD05DAA15D1FC900033DDFC /* PollOptionCell.m in Sources */ = {isa = PBXBuildFile; fileRef = 1BD05DA915D1FC900033DDFC /* PollOptionCell.m */; };
		1BD494EF15BDF786006A01A9 /* blankPerson.jpg in Resources */ = {isa = PBXBuildFile; fileRef = 1BD494EE15BDF786006A01A9 /* blankPerson.jpg */; };
		1BD494F215BF1E05006A01A9 /* NFTableViewCell.m in Sources */ = {isa = PBXBuildFile; fileRef = 1BD494F115BF1E05006A01A9 /* NFTableViewCell.m */; };
		1BFF2E7E158D9CDC00753F94 /* EmployeeListViewController.m in Sources */ = {isa = PBXBuildFile; fileRef = 1BFF2E7C158D9CDB00753F94 /* EmployeeListViewController.m */; };
		1BFF2E7F158D9CDC00753F94 /* EmployeeListViewController.xib in Resources */ = {isa = PBXBuildFile; fileRef = 1BFF2E7D158D9CDC00753F94 /* EmployeeListViewController.xib */; };
		6F2A39171587B2AB0024FB52 /* Business.m in Sources */ = {isa = PBXBuildFile; fileRef = 6F2A39161587B2AB0024FB52 /* Business.m */; };
		6F37B93B1589400E001DD06D /* NFItemViewController.m in Sources */ = {isa = PBXBuildFile; fileRef = 6F37B9391589400D001DD06D /* NFItemViewController.m */; };
		6F37B93C1589400E001DD06D /* NFItemViewController.xib in Resources */ = {isa = PBXBuildFile; fileRef = 6F37B93A1589400D001DD06D /* NFItemViewController.xib */; };
		6F3EA47715BE039D006E66A8 /* BusinessPhotoViewController.m in Sources */ = {isa = PBXBuildFile; fileRef = 6F3EA47515BE039D006E66A8 /* BusinessPhotoViewController.m */; };
		6F40324C158BA1B700024402 /* Survey.m in Sources */ = {isa = PBXBuildFile; fileRef = 6F40324B158BA1B700024402 /* Survey.m */; };
		6F403250158BA4C400024402 /* SurveyField.m in Sources */ = {isa = PBXBuildFile; fileRef = 6F40324F158BA4C400024402 /* SurveyField.m */; };
		6F462623158A8BDE007EA86E /* NFItem.m in Sources */ = {isa = PBXBuildFile; fileRef = 6F462622158A8BDE007EA86E /* NFItem.m */; };
		6F66787615C9EFCE00A7AA1D /* NFItemTableViewCell.m in Sources */ = {isa = PBXBuildFile; fileRef = 6F66787515C9EFCE00A7AA1D /* NFItemTableViewCell.m */; };
		6F6F702715C85F0E007C8DF7 /* EmployeeCell.m in Sources */ = {isa = PBXBuildFile; fileRef = 6F6F702615C85F0E007C8DF7 /* EmployeeCell.m */; };
		6F8C34F015D42D0E00EC82E9 /* polls.png in Resources */ = {isa = PBXBuildFile; fileRef = 6F8C34EE15D42D0E00EC82E9 /* polls.png */; };
		6F8C34F115D42D0E00EC82E9 /* polls@2x.png in Resources */ = {isa = PBXBuildFile; fileRef = 6F8C34EF15D42D0E00EC82E9 /* polls@2x.png */; };
		6F8C8A2B158C03DB00BB4BA0 /* Employee.m in Sources */ = {isa = PBXBuildFile; fileRef = 6F8C8A2A158C03DB00BB4BA0 /* Employee.m */; };
		6F9E60D915C06E37006BD49A /* BusinessPhoto.m in Sources */ = {isa = PBXBuildFile; fileRef = 6F9E60D815C06E37006BD49A /* BusinessPhoto.m */; };
		6FAB07A01587BF0700C9F1DF /* BusinessAnnotation.m in Sources */ = {isa = PBXBuildFile; fileRef = 6FAB079F1587BF0700C9F1DF /* BusinessAnnotation.m */; };
/* End PBXBuildFile section */

/* Begin PBXContainerItemProxy section */
		1B73581415BDF03D00D87F4E /* PBXContainerItemProxy */ = {
			isa = PBXContainerItemProxy;
			containerPortal = 1B73580B15BDF03C00D87F4E /* SDWebImage.xcodeproj */;
			proxyType = 2;
			remoteGlobalIDString = 53922D6F148C55820056699D;
			remoteInfo = SDWebImage;
		};
		1B73581615BDF03D00D87F4E /* PBXContainerItemProxy */ = {
			isa = PBXContainerItemProxy;
			containerPortal = 1B73580B15BDF03C00D87F4E /* SDWebImage.xcodeproj */;
			proxyType = 2;
			remoteGlobalIDString = 53761325155AD0D5005750A4;
			remoteInfo = "SDWebImage ARC";
		};
		1B73581815BDF03D00D87F4E /* PBXContainerItemProxy */ = {
			isa = PBXContainerItemProxy;
			containerPortal = 1B73580B15BDF03C00D87F4E /* SDWebImage.xcodeproj */;
			proxyType = 2;
			remoteGlobalIDString = 531041E0157EAFA400BBABC3;
			remoteInfo = "SDWebImage ARC+MKAnnotation";
		};
		1B73581B15BDF06300D87F4E /* PBXContainerItemProxy */ = {
			isa = PBXContainerItemProxy;
			containerPortal = 1B73580B15BDF03C00D87F4E /* SDWebImage.xcodeproj */;
			proxyType = 1;
			remoteGlobalIDString = 53761307155AD0D5005750A4;
			remoteInfo = "SDWebImage ARC";
		};
/* End PBXContainerItemProxy section */

/* Begin PBXFileReference section */
		1B07268A15D32590005EB452 /* downrate.png */ = {isa = PBXFileReference; lastKnownFileType = image.png; name = downrate.png; path = assets/downrate.png; sourceTree = "<group>"; };
		1B07268B15D32590005EB452 /* uprate.png */ = {isa = PBXFileReference; lastKnownFileType = image.png; name = uprate.png; path = assets/uprate.png; sourceTree = "<group>"; };
		1B0FA55415D0D9B80031259F /* PollFieldCell.h */ = {isa = PBXFileReference; fileEncoding = 4; lastKnownFileType = sourcecode.c.h; path = PollFieldCell.h; sourceTree = "<group>"; };
		1B0FA55515D0D9B80031259F /* PollFieldCell.m */ = {isa = PBXFileReference; fileEncoding = 4; lastKnownFileType = sourcecode.c.objc; path = PollFieldCell.m; sourceTree = "<group>"; };
		1B10A0EA15C20AE000A65FAE /* canceldown.png */ = {isa = PBXFileReference; lastKnownFileType = image.png; path = canceldown.png; sourceTree = "<group>"; };
		1B10A0EB15C20AE000A65FAE /* cancelup.png */ = {isa = PBXFileReference; lastKnownFileType = image.png; path = cancelup.png; sourceTree = "<group>"; };
		1B10A0EE15C2F94F00A65FAE /* SurveyDisplayConstants.h */ = {isa = PBXFileReference; fileEncoding = 4; lastKnownFileType = sourcecode.c.h; path = SurveyDisplayConstants.h; sourceTree = "<group>"; };
		1B12762F15B89B9600980AA2 /* MasterViewController.h */ = {isa = PBXFileReference; fileEncoding = 4; lastKnownFileType = sourcecode.c.h; path = MasterViewController.h; sourceTree = "<group>"; };
		1B12763015B89B9600980AA2 /* MasterViewController.m */ = {isa = PBXFileReference; fileEncoding = 4; lastKnownFileType = sourcecode.c.objc; path = MasterViewController.m; sourceTree = "<group>"; };
		1B12763115B89B9600980AA2 /* MasterViewController.xib */ = {isa = PBXFileReference; fileEncoding = 4; lastKnownFileType = file.xib; path = MasterViewController.xib; sourceTree = "<group>"; };
		1B301C5F1588580E0038A5BE /* NFViewController.h */ = {isa = PBXFileReference; fileEncoding = 4; lastKnownFileType = sourcecode.c.h; path = NFViewController.h; sourceTree = "<group>"; };
		1B301C601588580E0038A5BE /* NFViewController.m */ = {isa = PBXFileReference; fileEncoding = 4; lastKnownFileType = sourcecode.c.objc; path = NFViewController.m; sourceTree = "<group>"; };
		1B301C611588580E0038A5BE /* NFViewController.xib */ = {isa = PBXFileReference; fileEncoding = 4; lastKnownFileType = file.xib; path = NFViewController.xib; sourceTree = "<group>"; };
		1B301C64158858430038A5BE /* EmployeeViewController.h */ = {isa = PBXFileReference; fileEncoding = 4; lastKnownFileType = sourcecode.c.h; path = EmployeeViewController.h; sourceTree = "<group>"; };
		1B301C65158858430038A5BE /* EmployeeViewController.m */ = {isa = PBXFileReference; fileEncoding = 4; lastKnownFileType = sourcecode.c.objc; path = EmployeeViewController.m; sourceTree = "<group>"; };
		1B301C66158858430038A5BE /* EmployeeViewController.xib */ = {isa = PBXFileReference; fileEncoding = 4; lastKnownFileType = file.xib; path = EmployeeViewController.xib; sourceTree = "<group>"; };
		1B301C6A158858560038A5BE /* QuestionsViewController.h */ = {isa = PBXFileReference; fileEncoding = 4; lastKnownFileType = sourcecode.c.h; path = QuestionsViewController.h; sourceTree = "<group>"; };
		1B301C6B158858560038A5BE /* QuestionsViewController.m */ = {isa = PBXFileReference; fileEncoding = 4; lastKnownFileType = sourcecode.c.objc; path = QuestionsViewController.m; sourceTree = "<group>"; };
		1B301C6C158858560038A5BE /* QuestionsViewController.xib */ = {isa = PBXFileReference; fileEncoding = 4; lastKnownFileType = file.xib; path = QuestionsViewController.xib; sourceTree = "<group>"; };
		1B3769DD15D05505001214B7 /* PollsViewController.h */ = {isa = PBXFileReference; fileEncoding = 4; lastKnownFileType = sourcecode.c.h; name = PollsViewController.h; path = ../PollsViewController.h; sourceTree = "<group>"; };
		1B3769DE15D05505001214B7 /* PollsViewController.m */ = {isa = PBXFileReference; fileEncoding = 4; lastKnownFileType = sourcecode.c.objc; name = PollsViewController.m; path = ../PollsViewController.m; sourceTree = "<group>"; };
		1B3769DF15D05505001214B7 /* PollsViewController.xib */ = {isa = PBXFileReference; fileEncoding = 4; lastKnownFileType = file.xib; name = PollsViewController.xib; path = ../PollsViewController.xib; sourceTree = "<group>"; };
		1B3769E315D057C4001214B7 /* Poll.h */ = {isa = PBXFileReference; fileEncoding = 4; lastKnownFileType = sourcecode.c.h; path = Poll.h; sourceTree = "<group>"; };
		1B3769E415D057C4001214B7 /* Poll.m */ = {isa = PBXFileReference; fileEncoding = 4; lastKnownFileType = sourcecode.c.objc; path = Poll.m; sourceTree = "<group>"; };
		1B51400E158F93F4008CB057 /* CoreData.framework */ = {isa = PBXFileReference; lastKnownFileType = wrapper.framework; name = CoreData.framework; path = System/Library/Frameworks/CoreData.framework; sourceTree = SDKROOT; };
		1B514012158F9441008CB057 /* ApplaudProgramState.xcdatamodel */ = {isa = PBXFileReference; lastKnownFileType = wrapper.xcdatamodel; path = ApplaudProgramState.xcdatamodel; sourceTree = "<group>"; };
		1B514014158FA233008CB057 /* ApplaudProgramSettingsModel.h */ = {isa = PBXFileReference; fileEncoding = 4; lastKnownFileType = sourcecode.c.h; path = ApplaudProgramSettingsModel.h; sourceTree = "<group>"; };
		1B514015158FA233008CB057 /* ApplaudProgramSettingsModel.m */ = {isa = PBXFileReference; fileEncoding = 4; lastKnownFileType = sourcecode.c.objc; path = ApplaudProgramSettingsModel.m; sourceTree = "<group>"; };
		1B5D02FB15C44CF400976D33 /* Default@2x~ipad.png */ = {isa = PBXFileReference; lastKnownFileType = image.png; name = "Default@2x~ipad.png"; path = "assets/Default@2x~ipad.png"; sourceTree = "<group>"; };
		1B5D02FD15C44CF400976D33 /* Default~ipad.png */ = {isa = PBXFileReference; lastKnownFileType = image.png; name = "Default~ipad.png"; path = "assets/Default~ipad.png"; sourceTree = "<group>"; };
		1B5D030715C4564300976D33 /* ErrorViewController.h */ = {isa = PBXFileReference; fileEncoding = 4; lastKnownFileType = sourcecode.c.h; path = ErrorViewController.h; sourceTree = "<group>"; };
		1B5D030815C4564300976D33 /* ErrorViewController.m */ = {isa = PBXFileReference; fileEncoding = 4; lastKnownFileType = sourcecode.c.objc; path = ErrorViewController.m; sourceTree = "<group>"; };
		1B5D030C15C456E700976D33 /* Default.png */ = {isa = PBXFileReference; lastKnownFileType = image.png; name = Default.png; path = assets/Default.png; sourceTree = "<group>"; };
		1B5D030D15C456E700976D33 /* Default@2x.png */ = {isa = PBXFileReference; lastKnownFileType = image.png; name = "Default@2x.png"; path = "assets/Default@2x.png"; sourceTree = "<group>"; };
		1B60ED8315C878D700D63365 /* cancelrating.png */ = {isa = PBXFileReference; lastKnownFileType = image.png; name = cancelrating.png; path = assets/cancelrating.png; sourceTree = "<group>"; };
		1B60ED8415C878D700D63365 /* cancelrating@2x.png */ = {isa = PBXFileReference; lastKnownFileType = image.png; name = "cancelrating@2x.png"; path = "assets/cancelrating@2x.png"; sourceTree = "<group>"; };
		1B60ED8B15C8870800D63365 /* shareyourthoughts@2x.png */ = {isa = PBXFileReference; lastKnownFileType = image.png; name = "shareyourthoughts@2x.png"; path = "assets/shareyourthoughts@2x.png"; sourceTree = "<group>"; };
		1B67EE7B15D1B64400F94CA0 /* PollSubmitCancelCell.h */ = {isa = PBXFileReference; fileEncoding = 4; lastKnownFileType = sourcecode.c.h; path = PollSubmitCancelCell.h; sourceTree = "<group>"; };
		1B67EE7C15D1B64400F94CA0 /* PollSubmitCancelCell.m */ = {isa = PBXFileReference; fileEncoding = 4; lastKnownFileType = sourcecode.c.objc; path = PollSubmitCancelCell.m; sourceTree = "<group>"; };
		1B688DB315C3811900FCDCEE /* dialog.png */ = {isa = PBXFileReference; lastKnownFileType = image.png; name = dialog.png; path = assets/dialog.png; sourceTree = "<group>"; };
		1B688DB415C3811900FCDCEE /* dialog@2x.png */ = {isa = PBXFileReference; lastKnownFileType = image.png; name = "dialog@2x.png"; path = "assets/dialog@2x.png"; sourceTree = "<group>"; };
		1B688DB515C3811900FCDCEE /* employees.png */ = {isa = PBXFileReference; lastKnownFileType = image.png; name = employees.png; path = assets/employees.png; sourceTree = "<group>"; };
		1B688DB615C3811900FCDCEE /* employees@2x.png */ = {isa = PBXFileReference; lastKnownFileType = image.png; name = "employees@2x.png"; path = "assets/employees@2x.png"; sourceTree = "<group>"; };
		1B688DB715C3811900FCDCEE /* newsfeed.png */ = {isa = PBXFileReference; lastKnownFileType = image.png; name = newsfeed.png; path = assets/newsfeed.png; sourceTree = "<group>"; };
		1B688DB815C3811900FCDCEE /* newsfeed@2x.png */ = {isa = PBXFileReference; lastKnownFileType = image.png; name = "newsfeed@2x.png"; path = "assets/newsfeed@2x.png"; sourceTree = "<group>"; };
		1B688DBF15C3A94700FCDCEE /* shareyourthoughts.png */ = {isa = PBXFileReference; lastKnownFileType = image.png; name = shareyourthoughts.png; path = assets/shareyourthoughts.png; sourceTree = "<group>"; };
		1B6D226815CA1BDE009A533B /* home.png */ = {isa = PBXFileReference; lastKnownFileType = image.png; name = home.png; path = assets/home.png; sourceTree = "<group>"; };
		1B6D226E15CA429C009A533B /* logo.png */ = {isa = PBXFileReference; lastKnownFileType = image.png; name = logo.png; path = assets/logo.png; sourceTree = "<group>"; };
		1B6D226F15CA429C009A533B /* logo@2x.png */ = {isa = PBXFileReference; lastKnownFileType = image.png; name = "logo@2x.png"; path = "assets/logo@2x.png"; sourceTree = "<group>"; };
		1B6D228115CA7289009A533B /* favicon.png */ = {isa = PBXFileReference; lastKnownFileType = image.png; name = favicon.png; path = ../favicon.png; sourceTree = "<group>"; };
		1B6D228315CA7292009A533B /* favicon@2x.png */ = {isa = PBXFileReference; lastKnownFileType = image.png; name = "favicon@2x.png"; path = "../favicon@2x.png"; sourceTree = "<group>"; };
		1B73580B15BDF03C00D87F4E /* SDWebImage.xcodeproj */ = {isa = PBXFileReference; lastKnownFileType = "wrapper.pb-project"; name = SDWebImage.xcodeproj; path = SDWebImage/SDWebImage.xcodeproj; sourceTree = "<group>"; };
		1B73581F15BDF0A500D87F4E /* ImageIO.framework */ = {isa = PBXFileReference; lastKnownFileType = wrapper.framework; name = ImageIO.framework; path = System/Library/Frameworks/ImageIO.framework; sourceTree = SDKROOT; };
		1B9389A91583CB460088F468 /* MapKit.framework */ = {isa = PBXFileReference; lastKnownFileType = wrapper.framework; name = MapKit.framework; path = System/Library/Frameworks/MapKit.framework; sourceTree = SDKROOT; };
		1B9389AF1583EB110088F468 /* CoreLocation.framework */ = {isa = PBXFileReference; lastKnownFileType = wrapper.framework; name = CoreLocation.framework; path = System/Library/Frameworks/CoreLocation.framework; sourceTree = SDKROOT; };
		1B9389B91584EF010088F468 /* BusinessLocationsTracker.h */ = {isa = PBXFileReference; fileEncoding = 4; lastKnownFileType = sourcecode.c.h; path = BusinessLocationsTracker.h; sourceTree = "<group>"; };
		1B9389BA1584EF010088F468 /* BusinessLocationsTracker.m */ = {isa = PBXFileReference; fileEncoding = 4; lastKnownFileType = sourcecode.c.objc; path = BusinessLocationsTracker.m; sourceTree = "<group>"; };
		1B9528BE1590D87500103723 /* ConnectionManager.h */ = {isa = PBXFileReference; fileEncoding = 4; lastKnownFileType = sourcecode.c.h; path = ConnectionManager.h; sourceTree = "<group>"; };
		1B9528BF1590D87500103723 /* ConnectionManager.m */ = {isa = PBXFileReference; fileEncoding = 4; lastKnownFileType = sourcecode.c.objc; path = ConnectionManager.m; sourceTree = "<group>"; };
		1B9C3A6415B9272A000EEF1A /* QuartzCore.framework */ = {isa = PBXFileReference; lastKnownFileType = wrapper.framework; name = QuartzCore.framework; path = System/Library/Frameworks/QuartzCore.framework; sourceTree = SDKROOT; };
		1B9C3A6615BA0637000EEF1A /* SurveyAccordionCell.h */ = {isa = PBXFileReference; fileEncoding = 4; lastKnownFileType = sourcecode.c.h; path = SurveyAccordionCell.h; sourceTree = "<group>"; };
		1B9C3A6715BA0637000EEF1A /* SurveyAccordionCell.m */ = {isa = PBXFileReference; fileEncoding = 4; lastKnownFileType = sourcecode.c.objc; path = SurveyAccordionCell.m; sourceTree = "<group>"; };
		1BA358E31582F05E00EB8F32 /* Apatapa.app */ = {isa = PBXFileReference; explicitFileType = wrapper.application; includeInIndex = 0; path = Apatapa.app; sourceTree = BUILT_PRODUCTS_DIR; };
		1BA358E71582F05E00EB8F32 /* UIKit.framework */ = {isa = PBXFileReference; lastKnownFileType = wrapper.framework; name = UIKit.framework; path = System/Library/Frameworks/UIKit.framework; sourceTree = SDKROOT; };
		1BA358E91582F05E00EB8F32 /* Foundation.framework */ = {isa = PBXFileReference; lastKnownFileType = wrapper.framework; name = Foundation.framework; path = System/Library/Frameworks/Foundation.framework; sourceTree = SDKROOT; };
		1BA358EB1582F05E00EB8F32 /* CoreGraphics.framework */ = {isa = PBXFileReference; lastKnownFileType = wrapper.framework; name = CoreGraphics.framework; path = System/Library/Frameworks/CoreGraphics.framework; sourceTree = SDKROOT; };
		1BA358F11582F05E00EB8F32 /* en */ = {isa = PBXFileReference; lastKnownFileType = text.plist.strings; name = en; path = en.lproj/InfoPlist.strings; sourceTree = "<group>"; };
		1BA358F31582F05E00EB8F32 /* main.m */ = {isa = PBXFileReference; lastKnownFileType = sourcecode.c.objc; path = main.m; sourceTree = "<group>"; };
		1BA358F61582F05E00EB8F32 /* AppDelegate.h */ = {isa = PBXFileReference; lastKnownFileType = sourcecode.c.h; path = AppDelegate.h; sourceTree = "<group>"; };
		1BA358F71582F05E00EB8F32 /* AppDelegate.m */ = {isa = PBXFileReference; lastKnownFileType = sourcecode.c.objc; path = AppDelegate.m; sourceTree = "<group>"; };
		1BB4AC9C15BF3B58003E8B29 /* EmployeeDisplayConstants.h */ = {isa = PBXFileReference; fileEncoding = 4; lastKnownFileType = sourcecode.c.h; path = EmployeeDisplayConstants.h; sourceTree = "<group>"; };
		1BB4AC9D15BF3E68003E8B29 /* EmployeeBioCell.h */ = {isa = PBXFileReference; fileEncoding = 4; lastKnownFileType = sourcecode.c.h; path = EmployeeBioCell.h; sourceTree = "<group>"; };
		1BB4AC9E15BF3E68003E8B29 /* EmployeeBioCell.m */ = {isa = PBXFileReference; fileEncoding = 4; lastKnownFileType = sourcecode.c.objc; path = EmployeeBioCell.m; sourceTree = "<group>"; };
		1BC0D1C015D082A40027F9BF /* NewPollViewController.h */ = {isa = PBXFileReference; fileEncoding = 4; lastKnownFileType = sourcecode.c.h; path = NewPollViewController.h; sourceTree = "<group>"; };
		1BC0D1C115D082A40027F9BF /* NewPollViewController.m */ = {isa = PBXFileReference; fileEncoding = 4; lastKnownFileType = sourcecode.c.objc; path = NewPollViewController.m; sourceTree = "<group>"; };
		1BD05DA815D1FC900033DDFC /* PollOptionCell.h */ = {isa = PBXFileReference; fileEncoding = 4; lastKnownFileType = sourcecode.c.h; path = PollOptionCell.h; sourceTree = "<group>"; };
		1BD05DA915D1FC900033DDFC /* PollOptionCell.m */ = {isa = PBXFileReference; fileEncoding = 4; lastKnownFileType = sourcecode.c.objc; path = PollOptionCell.m; sourceTree = "<group>"; };
		1BD05DAB15D218B60033DDFC /* PollOptionDisplayConstants.h */ = {isa = PBXFileReference; fileEncoding = 4; lastKnownFileType = sourcecode.c.h; path = PollOptionDisplayConstants.h; sourceTree = "<group>"; };
		1BD494EE15BDF786006A01A9 /* blankPerson.jpg */ = {isa = PBXFileReference; lastKnownFileType = image.jpeg; path = blankPerson.jpg; sourceTree = "<group>"; };
		1BD494F015BF1E05006A01A9 /* NFTableViewCell.h */ = {isa = PBXFileReference; fileEncoding = 4; lastKnownFileType = sourcecode.c.h; path = NFTableViewCell.h; sourceTree = "<group>"; };
		1BD494F115BF1E05006A01A9 /* NFTableViewCell.m */ = {isa = PBXFileReference; fileEncoding = 4; lastKnownFileType = sourcecode.c.objc; path = NFTableViewCell.m; sourceTree = "<group>"; };
		1BD494F315BF2AEC006A01A9 /* NFDisplayConstants.h */ = {isa = PBXFileReference; fileEncoding = 4; lastKnownFileType = sourcecode.c.h; path = NFDisplayConstants.h; sourceTree = "<group>"; };
		1BFF2E7B158D9CDB00753F94 /* EmployeeListViewController.h */ = {isa = PBXFileReference; fileEncoding = 4; lastKnownFileType = sourcecode.c.h; path = EmployeeListViewController.h; sourceTree = "<group>"; };
		1BFF2E7C158D9CDB00753F94 /* EmployeeListViewController.m */ = {isa = PBXFileReference; fileEncoding = 4; lastKnownFileType = sourcecode.c.objc; path = EmployeeListViewController.m; sourceTree = "<group>"; };
		1BFF2E7D158D9CDC00753F94 /* EmployeeListViewController.xib */ = {isa = PBXFileReference; fileEncoding = 4; lastKnownFileType = file.xib; path = EmployeeListViewController.xib; sourceTree = "<group>"; };
		6F2A39151587B2AB0024FB52 /* Business.h */ = {isa = PBXFileReference; fileEncoding = 4; lastKnownFileType = sourcecode.c.h; path = Business.h; sourceTree = "<group>"; };
		6F2A39161587B2AB0024FB52 /* Business.m */ = {isa = PBXFileReference; fileEncoding = 4; lastKnownFileType = sourcecode.c.objc; path = Business.m; sourceTree = "<group>"; };
		6F37B9381589400D001DD06D /* NFItemViewController.h */ = {isa = PBXFileReference; fileEncoding = 4; lastKnownFileType = sourcecode.c.h; path = NFItemViewController.h; sourceTree = "<group>"; };
		6F37B9391589400D001DD06D /* NFItemViewController.m */ = {isa = PBXFileReference; fileEncoding = 4; lastKnownFileType = sourcecode.c.objc; path = NFItemViewController.m; sourceTree = "<group>"; };
		6F37B93A1589400D001DD06D /* NFItemViewController.xib */ = {isa = PBXFileReference; fileEncoding = 4; lastKnownFileType = file.xib; path = NFItemViewController.xib; sourceTree = "<group>"; };
		6F3EA47415BE039D006E66A8 /* BusinessPhotoViewController.h */ = {isa = PBXFileReference; fileEncoding = 4; lastKnownFileType = sourcecode.c.h; path = BusinessPhotoViewController.h; sourceTree = "<group>"; };
		6F3EA47515BE039D006E66A8 /* BusinessPhotoViewController.m */ = {isa = PBXFileReference; fileEncoding = 4; lastKnownFileType = sourcecode.c.objc; path = BusinessPhotoViewController.m; sourceTree = "<group>"; };
		6F40324A158BA1B700024402 /* Survey.h */ = {isa = PBXFileReference; fileEncoding = 4; lastKnownFileType = sourcecode.c.h; path = Survey.h; sourceTree = "<group>"; };
		6F40324B158BA1B700024402 /* Survey.m */ = {isa = PBXFileReference; fileEncoding = 4; lastKnownFileType = sourcecode.c.objc; path = Survey.m; sourceTree = "<group>"; };
		6F40324E158BA4C400024402 /* SurveyField.h */ = {isa = PBXFileReference; fileEncoding = 4; lastKnownFileType = sourcecode.c.h; path = SurveyField.h; sourceTree = "<group>"; };
		6F40324F158BA4C400024402 /* SurveyField.m */ = {isa = PBXFileReference; fileEncoding = 4; lastKnownFileType = sourcecode.c.objc; path = SurveyField.m; sourceTree = "<group>"; };
		6F462621158A8BDE007EA86E /* NFItem.h */ = {isa = PBXFileReference; fileEncoding = 4; lastKnownFileType = sourcecode.c.h; path = NFItem.h; sourceTree = "<group>"; };
		6F462622158A8BDE007EA86E /* NFItem.m */ = {isa = PBXFileReference; fileEncoding = 4; lastKnownFileType = sourcecode.c.objc; path = NFItem.m; sourceTree = "<group>"; };
		6F66787415C9EFCE00A7AA1D /* NFItemTableViewCell.h */ = {isa = PBXFileReference; fileEncoding = 4; lastKnownFileType = sourcecode.c.h; path = NFItemTableViewCell.h; sourceTree = "<group>"; };
		6F66787515C9EFCE00A7AA1D /* NFItemTableViewCell.m */ = {isa = PBXFileReference; fileEncoding = 4; lastKnownFileType = sourcecode.c.objc; path = NFItemTableViewCell.m; sourceTree = "<group>"; };
		6F6F702515C85F0E007C8DF7 /* EmployeeCell.h */ = {isa = PBXFileReference; fileEncoding = 4; lastKnownFileType = sourcecode.c.h; path = EmployeeCell.h; sourceTree = "<group>"; };
		6F6F702615C85F0E007C8DF7 /* EmployeeCell.m */ = {isa = PBXFileReference; fileEncoding = 4; lastKnownFileType = sourcecode.c.objc; path = EmployeeCell.m; sourceTree = "<group>"; };
		6F809438158EF7E800961971 /* ApplaudIOS-Info.plist */ = {isa = PBXFileReference; fileEncoding = 4; lastKnownFileType = text.plist.xml; path = "ApplaudIOS-Info.plist"; sourceTree = "<group>"; };
		6F809439158EF7E800961971 /* ApplaudIOS-Prefix.pch */ = {isa = PBXFileReference; fileEncoding = 4; lastKnownFileType = sourcecode.c.h; path = "ApplaudIOS-Prefix.pch"; sourceTree = "<group>"; };
		6F8C34EE15D42D0E00EC82E9 /* polls.png */ = {isa = PBXFileReference; lastKnownFileType = image.png; name = polls.png; path = assets/polls.png; sourceTree = "<group>"; };
		6F8C34EF15D42D0E00EC82E9 /* polls@2x.png */ = {isa = PBXFileReference; lastKnownFileType = image.png; name = "polls@2x.png"; path = "assets/polls@2x.png"; sourceTree = "<group>"; };
		6F8C8A29158C03DB00BB4BA0 /* Employee.h */ = {isa = PBXFileReference; fileEncoding = 4; lastKnownFileType = sourcecode.c.h; path = Employee.h; sourceTree = "<group>"; };
		6F8C8A2A158C03DB00BB4BA0 /* Employee.m */ = {isa = PBXFileReference; fileEncoding = 4; lastKnownFileType = sourcecode.c.objc; path = Employee.m; sourceTree = "<group>"; };
		6F9E60D715C06E37006BD49A /* BusinessPhoto.h */ = {isa = PBXFileReference; fileEncoding = 4; lastKnownFileType = sourcecode.c.h; path = BusinessPhoto.h; sourceTree = "<group>"; };
		6F9E60D815C06E37006BD49A /* BusinessPhoto.m */ = {isa = PBXFileReference; fileEncoding = 4; lastKnownFileType = sourcecode.c.objc; path = BusinessPhoto.m; sourceTree = "<group>"; };
		6FAB079E1587BF0700C9F1DF /* BusinessAnnotation.h */ = {isa = PBXFileReference; fileEncoding = 4; lastKnownFileType = sourcecode.c.h; path = BusinessAnnotation.h; sourceTree = "<group>"; };
		6FAB079F1587BF0700C9F1DF /* BusinessAnnotation.m */ = {isa = PBXFileReference; fileEncoding = 4; lastKnownFileType = sourcecode.c.objc; path = BusinessAnnotation.m; sourceTree = "<group>"; };
/* End PBXFileReference section */

/* Begin PBXFrameworksBuildPhase section */
		1BA358E01582F05E00EB8F32 /* Frameworks */ = {
			isa = PBXFrameworksBuildPhase;
			buildActionMask = 2147483647;
			files = (
				1B73582015BDF0A500D87F4E /* ImageIO.framework in Frameworks */,
				1B73581D15BDF08F00D87F4E /* libSDWebImageARC.a in Frameworks */,
				1B9C3A6515B9272A000EEF1A /* QuartzCore.framework in Frameworks */,
				1B51400F158F93F4008CB057 /* CoreData.framework in Frameworks */,
				1B9389B01583EB110088F468 /* CoreLocation.framework in Frameworks */,
				1B9389AA1583CB460088F468 /* MapKit.framework in Frameworks */,
				1BA358E81582F05E00EB8F32 /* UIKit.framework in Frameworks */,
				1BA358EA1582F05E00EB8F32 /* Foundation.framework in Frameworks */,
				1BA358EC1582F05E00EB8F32 /* CoreGraphics.framework in Frameworks */,
			);
			runOnlyForDeploymentPostprocessing = 0;
		};
/* End PBXFrameworksBuildPhase section */

/* Begin PBXGroup section */
		1B1109B315D42BA700B2B07E /* Mingle */ = {
			isa = PBXGroup;
			children = (
			);
			name = Mingle;
			sourceTree = "<group>";
		};
		1B301C5515884C970038A5BE /* SelectLocations */ = {
			isa = PBXGroup;
			children = (
				1B12762F15B89B9600980AA2 /* MasterViewController.h */,
				1B12763015B89B9600980AA2 /* MasterViewController.m */,
				1B12763115B89B9600980AA2 /* MasterViewController.xib */,
				6FAB079E1587BF0700C9F1DF /* BusinessAnnotation.h */,
				6FAB079F1587BF0700C9F1DF /* BusinessAnnotation.m */,
			);
			name = SelectLocations;
			sourceTree = "<group>";
		};
		1B301C5B158856470038A5BE /* Newsfeed */ = {
			isa = PBXGroup;
			children = (
				1BD494F315BF2AEC006A01A9 /* NFDisplayConstants.h */,
				1B301C5F1588580E0038A5BE /* NFViewController.h */,
				1B301C601588580E0038A5BE /* NFViewController.m */,
				1BD494F015BF1E05006A01A9 /* NFTableViewCell.h */,
				1BD494F115BF1E05006A01A9 /* NFTableViewCell.m */,
				6F66787415C9EFCE00A7AA1D /* NFItemTableViewCell.h */,
				6F66787515C9EFCE00A7AA1D /* NFItemTableViewCell.m */,
				6F37B9381589400D001DD06D /* NFItemViewController.h */,
				6F37B9391589400D001DD06D /* NFItemViewController.m */,
				6F462621158A8BDE007EA86E /* NFItem.h */,
				6F462622158A8BDE007EA86E /* NFItem.m */,
				6F37B93A1589400D001DD06D /* NFItemViewController.xib */,
				1B301C611588580E0038A5BE /* NFViewController.xib */,
			);
			name = Newsfeed;
			sourceTree = "<group>";
		};
		1B301C5E158857D20038A5BE /* Employee */ = {
			isa = PBXGroup;
			children = (
				1BB4AC9C15BF3B58003E8B29 /* EmployeeDisplayConstants.h */,
				6F6F702515C85F0E007C8DF7 /* EmployeeCell.h */,
				6F6F702615C85F0E007C8DF7 /* EmployeeCell.m */,
				1BB4AC9D15BF3E68003E8B29 /* EmployeeBioCell.h */,
				1BB4AC9E15BF3E68003E8B29 /* EmployeeBioCell.m */,
				1B301C64158858430038A5BE /* EmployeeViewController.h */,
				1B301C65158858430038A5BE /* EmployeeViewController.m */,
				1B301C66158858430038A5BE /* EmployeeViewController.xib */,
				6F8C8A29158C03DB00BB4BA0 /* Employee.h */,
				6F8C8A2A158C03DB00BB4BA0 /* Employee.m */,
				1BFF2E7B158D9CDB00753F94 /* EmployeeListViewController.h */,
				1BFF2E7C158D9CDB00753F94 /* EmployeeListViewController.m */,
				1BFF2E7D158D9CDC00753F94 /* EmployeeListViewController.xib */,
			);
			name = Employee;
			sourceTree = "<group>";
		};
		1B301C69158858490038A5BE /* Questions */ = {
			isa = PBXGroup;
			children = (
				1B10A0EE15C2F94F00A65FAE /* SurveyDisplayConstants.h */,
				1B9C3A6615BA0637000EEF1A /* SurveyAccordionCell.h */,
				1B9C3A6715BA0637000EEF1A /* SurveyAccordionCell.m */,
				1B301C6A158858560038A5BE /* QuestionsViewController.h */,
				1B301C6B158858560038A5BE /* QuestionsViewController.m */,
				1B301C6C158858560038A5BE /* QuestionsViewController.xib */,
				6F40324A158BA1B700024402 /* Survey.h */,
				6F40324B158BA1B700024402 /* Survey.m */,
				6F40324E158BA4C400024402 /* SurveyField.h */,
				6F40324F158BA4C400024402 /* SurveyField.m */,
			);
			name = Questions;
			sourceTree = "<group>";
		};
		1B3769E215D0550C001214B7 /* Polls */ = {
			isa = PBXGroup;
			children = (
				1B3769DD15D05505001214B7 /* PollsViewController.h */,
				1B3769DE15D05505001214B7 /* PollsViewController.m */,
				1BD05DA815D1FC900033DDFC /* PollOptionCell.h */,
				1BD05DA915D1FC900033DDFC /* PollOptionCell.m */,
				1BD05DAB15D218B60033DDFC /* PollOptionDisplayConstants.h */,
				1BC0D1C015D082A40027F9BF /* NewPollViewController.h */,
				1BC0D1C115D082A40027F9BF /* NewPollViewController.m */,
				1B3769DF15D05505001214B7 /* PollsViewController.xib */,
				1B0FA55415D0D9B80031259F /* PollFieldCell.h */,
				1B0FA55515D0D9B80031259F /* PollFieldCell.m */,
				1B67EE7B15D1B64400F94CA0 /* PollSubmitCancelCell.h */,
				1B67EE7C15D1B64400F94CA0 /* PollSubmitCancelCell.m */,
				1B3769E315D057C4001214B7 /* Poll.h */,
				1B3769E415D057C4001214B7 /* Poll.m */,
			);
			name = Polls;
			sourceTree = "<group>";
		};
		1B514017158FA3C7008CB057 /* DBModels */ = {
			isa = PBXGroup;
			children = (
				1B514014158FA233008CB057 /* ApplaudProgramSettingsModel.h */,
				1B514015158FA233008CB057 /* ApplaudProgramSettingsModel.m */,
				1B514011158F9441008CB057 /* ApplaudProgramState.xcdatamodeld */,
			);
			name = DBModels;
			sourceTree = "<group>";
		};
		1B73580C15BDF03C00D87F4E /* Products */ = {
			isa = PBXGroup;
			children = (
				1B73581515BDF03D00D87F4E /* libSDWebImage.a */,
				1B73581715BDF03D00D87F4E /* libSDWebImageARC.a */,
				1B73581915BDF03D00D87F4E /* libSDWebImageARC+MKAnnotation.a */,
			);
			name = Products;
			sourceTree = "<group>";
		};
		1BA358D81582F05E00EB8F32 = {
			isa = PBXGroup;
			children = (
				1B73580B15BDF03C00D87F4E /* SDWebImage.xcodeproj */,
				1BA358ED1582F05E00EB8F32 /* ApplaudLocations */,
				1BA358E61582F05E00EB8F32 /* Frameworks */,
				1BA358E41582F05E00EB8F32 /* Products */,
			);
			sourceTree = "<group>";
		};
		1BA358E41582F05E00EB8F32 /* Products */ = {
			isa = PBXGroup;
			children = (
				1BA358E31582F05E00EB8F32 /* Apatapa.app */,
			);
			name = Products;
			sourceTree = "<group>";
		};
		1BA358E61582F05E00EB8F32 /* Frameworks */ = {
			isa = PBXGroup;
			children = (
				1B73581F15BDF0A500D87F4E /* ImageIO.framework */,
				1B9C3A6415B9272A000EEF1A /* QuartzCore.framework */,
				1B51400E158F93F4008CB057 /* CoreData.framework */,
				1B9389AF1583EB110088F468 /* CoreLocation.framework */,
				1B9389A91583CB460088F468 /* MapKit.framework */,
				1BA358E71582F05E00EB8F32 /* UIKit.framework */,
				1BA358E91582F05E00EB8F32 /* Foundation.framework */,
				1BA358EB1582F05E00EB8F32 /* CoreGraphics.framework */,
			);
			name = Frameworks;
			sourceTree = "<group>";
		};
		1BA358ED1582F05E00EB8F32 /* ApplaudLocations */ = {
			isa = PBXGroup;
			children = (
				1BD494ED15BDF6D3006A01A9 /* Assets */,
				1B3769E215D0550C001214B7 /* Polls */,
				1B1109B315D42BA700B2B07E /* Mingle */,
				1B514017158FA3C7008CB057 /* DBModels */,
				1B301C69158858490038A5BE /* Questions */,
				1B301C5E158857D20038A5BE /* Employee */,
				1B301C5B158856470038A5BE /* Newsfeed */,
				1B301C5515884C970038A5BE /* SelectLocations */,
				6F3EA47A15BE03AD006E66A8 /* Business Photos */,
				1BA358F61582F05E00EB8F32 /* AppDelegate.h */,
				1BA358F71582F05E00EB8F32 /* AppDelegate.m */,
				1B5D030715C4564300976D33 /* ErrorViewController.h */,
				1B5D030815C4564300976D33 /* ErrorViewController.m */,
				6F2A39151587B2AB0024FB52 /* Business.h */,
				6F2A39161587B2AB0024FB52 /* Business.m */,
				1B9389B91584EF010088F468 /* BusinessLocationsTracker.h */,
				1B9389BA1584EF010088F468 /* BusinessLocationsTracker.m */,
				1B9528BE1590D87500103723 /* ConnectionManager.h */,
				1B9528BF1590D87500103723 /* ConnectionManager.m */,
				1BA358EE1582F05E00EB8F32 /* Supporting Files */,
			);
			path = ApplaudLocations;
			sourceTree = "<group>";
		};
		1BA358EE1582F05E00EB8F32 /* Supporting Files */ = {
			isa = PBXGroup;
			children = (
				6F809438158EF7E800961971 /* ApplaudIOS-Info.plist */,
				6F809439158EF7E800961971 /* ApplaudIOS-Prefix.pch */,
				1BA358F01582F05E00EB8F32 /* InfoPlist.strings */,
				1BA358F31582F05E00EB8F32 /* main.m */,
			);
			name = "Supporting Files";
			sourceTree = "<group>";
		};
		1BD494ED15BDF6D3006A01A9 /* Assets */ = {
			isa = PBXGroup;
			children = (
				6F8C34EE15D42D0E00EC82E9 /* polls.png */,
				6F8C34EF15D42D0E00EC82E9 /* polls@2x.png */,
				1B07268A15D32590005EB452 /* downrate.png */,
				1B07268B15D32590005EB452 /* uprate.png */,
				1B6D228315CA7292009A533B /* favicon@2x.png */,
				1B6D228115CA7289009A533B /* favicon.png */,
				1B6D226E15CA429C009A533B /* logo.png */,
				1B6D226F15CA429C009A533B /* logo@2x.png */,
				1B6D226815CA1BDE009A533B /* home.png */,
				1B60ED8B15C8870800D63365 /* shareyourthoughts@2x.png */,
				1B688DBF15C3A94700FCDCEE /* shareyourthoughts.png */,
				1B60ED8315C878D700D63365 /* cancelrating.png */,
				1B60ED8415C878D700D63365 /* cancelrating@2x.png */,
				1B5D030C15C456E700976D33 /* Default.png */,
				1B5D030D15C456E700976D33 /* Default@2x.png */,
				1B5D02FB15C44CF400976D33 /* Default@2x~ipad.png */,
				1B5D02FD15C44CF400976D33 /* Default~ipad.png */,
				1B688DB315C3811900FCDCEE /* dialog.png */,
				1B688DB415C3811900FCDCEE /* dialog@2x.png */,
				1B688DB515C3811900FCDCEE /* employees.png */,
				1B688DB615C3811900FCDCEE /* employees@2x.png */,
				1B688DB715C3811900FCDCEE /* newsfeed.png */,
				1B688DB815C3811900FCDCEE /* newsfeed@2x.png */,
				1B10A0EA15C20AE000A65FAE /* canceldown.png */,
				1B10A0EB15C20AE000A65FAE /* cancelup.png */,
				1BD494EE15BDF786006A01A9 /* blankPerson.jpg */,
			);
			name = Assets;
			sourceTree = "<group>";
		};
		6F3EA47A15BE03AD006E66A8 /* Business Photos */ = {
			isa = PBXGroup;
			children = (
				6F9E60D715C06E37006BD49A /* BusinessPhoto.h */,
				6F9E60D815C06E37006BD49A /* BusinessPhoto.m */,
				6F3EA47415BE039D006E66A8 /* BusinessPhotoViewController.h */,
				6F3EA47515BE039D006E66A8 /* BusinessPhotoViewController.m */,
			);
			name = "Business Photos";
			sourceTree = "<group>";
		};
/* End PBXGroup section */

/* Begin PBXNativeTarget section */
		1BA358E21582F05E00EB8F32 /* Apatapa */ = {
			isa = PBXNativeTarget;
			buildConfigurationList = 1BA358FB1582F05E00EB8F32 /* Build configuration list for PBXNativeTarget "Apatapa" */;
			buildPhases = (
				1BA358DF1582F05E00EB8F32 /* Sources */,
				1BA358E01582F05E00EB8F32 /* Frameworks */,
				1BA358E11582F05E00EB8F32 /* Resources */,
			);
			buildRules = (
			);
			dependencies = (
				1B73581C15BDF06300D87F4E /* PBXTargetDependency */,
			);
			name = Apatapa;
			productName = ApplaudLocations;
			productReference = 1BA358E31582F05E00EB8F32 /* Apatapa.app */;
			productType = "com.apple.product-type.application";
		};
/* End PBXNativeTarget section */

/* Begin PBXProject section */
		1BA358DA1582F05E00EB8F32 /* Project object */ = {
			isa = PBXProject;
			attributes = {
				LastUpgradeCheck = 0430;
				ORGANIZATIONNAME = "Applaud, Inc";
			};
			buildConfigurationList = 1BA358DD1582F05E00EB8F32 /* Build configuration list for PBXProject "ApplaudIOS" */;
			compatibilityVersion = "Xcode 3.2";
			developmentRegion = English;
			hasScannedForEncodings = 0;
			knownRegions = (
				en,
			);
			mainGroup = 1BA358D81582F05E00EB8F32;
			productRefGroup = 1BA358E41582F05E00EB8F32 /* Products */;
			projectDirPath = "";
			projectReferences = (
				{
					ProductGroup = 1B73580C15BDF03C00D87F4E /* Products */;
					ProjectRef = 1B73580B15BDF03C00D87F4E /* SDWebImage.xcodeproj */;
				},
			);
			projectRoot = "";
			targets = (
				1BA358E21582F05E00EB8F32 /* Apatapa */,
			);
		};
/* End PBXProject section */

/* Begin PBXReferenceProxy section */
		1B73581515BDF03D00D87F4E /* libSDWebImage.a */ = {
			isa = PBXReferenceProxy;
			fileType = archive.ar;
			path = libSDWebImage.a;
			remoteRef = 1B73581415BDF03D00D87F4E /* PBXContainerItemProxy */;
			sourceTree = BUILT_PRODUCTS_DIR;
		};
		1B73581715BDF03D00D87F4E /* libSDWebImageARC.a */ = {
			isa = PBXReferenceProxy;
			fileType = archive.ar;
			path = libSDWebImageARC.a;
			remoteRef = 1B73581615BDF03D00D87F4E /* PBXContainerItemProxy */;
			sourceTree = BUILT_PRODUCTS_DIR;
		};
		1B73581915BDF03D00D87F4E /* libSDWebImageARC+MKAnnotation.a */ = {
			isa = PBXReferenceProxy;
			fileType = archive.ar;
			path = "libSDWebImageARC+MKAnnotation.a";
			remoteRef = 1B73581815BDF03D00D87F4E /* PBXContainerItemProxy */;
			sourceTree = BUILT_PRODUCTS_DIR;
		};
/* End PBXReferenceProxy section */

/* Begin PBXResourcesBuildPhase section */
		1BA358E11582F05E00EB8F32 /* Resources */ = {
			isa = PBXResourcesBuildPhase;
			buildActionMask = 2147483647;
			files = (
				1BA358F21582F05E00EB8F32 /* InfoPlist.strings in Resources */,
				1B301C631588580E0038A5BE /* NFViewController.xib in Resources */,
				1B301C68158858430038A5BE /* EmployeeViewController.xib in Resources */,
				1B301C6E158858560038A5BE /* QuestionsViewController.xib in Resources */,
				6F37B93C1589400E001DD06D /* NFItemViewController.xib in Resources */,
				1BFF2E7F158D9CDC00753F94 /* EmployeeListViewController.xib in Resources */,
				1B12763315B89B9600980AA2 /* MasterViewController.xib in Resources */,
				1BD494EF15BDF786006A01A9 /* blankPerson.jpg in Resources */,
				1B10A0EC15C20AE000A65FAE /* canceldown.png in Resources */,
				1B10A0ED15C20AE000A65FAE /* cancelup.png in Resources */,
				1B688DB915C3811900FCDCEE /* dialog.png in Resources */,
				1B688DBA15C3811900FCDCEE /* dialog@2x.png in Resources */,
				1B688DBB15C3811900FCDCEE /* employees.png in Resources */,
				1B688DBC15C3811900FCDCEE /* employees@2x.png in Resources */,
				1B688DBD15C3811900FCDCEE /* newsfeed.png in Resources */,
				1B688DBE15C3811900FCDCEE /* newsfeed@2x.png in Resources */,
				1B688DC015C3A94700FCDCEE /* shareyourthoughts.png in Resources */,
				1B5D02FF15C44CF400976D33 /* Default@2x~ipad.png in Resources */,
				1B5D030115C44CF400976D33 /* Default~ipad.png in Resources */,
				1B5D030E15C456E700976D33 /* Default.png in Resources */,
				1B5D030F15C456E700976D33 /* Default@2x.png in Resources */,
				1B60ED8515C878D700D63365 /* cancelrating.png in Resources */,
				1B60ED8615C878D700D63365 /* cancelrating@2x.png in Resources */,
				1B60ED8C15C8870800D63365 /* shareyourthoughts@2x.png in Resources */,
				1B6D226915CA1BDE009A533B /* home.png in Resources */,
				1B6D227015CA429C009A533B /* logo.png in Resources */,
				1B6D227115CA429C009A533B /* logo@2x.png in Resources */,
				1B6D228215CA7289009A533B /* favicon.png in Resources */,
				1B6D228415CA7292009A533B /* favicon@2x.png in Resources */,
				1B3769E115D05505001214B7 /* PollsViewController.xib in Resources */,
				1B07268C15D32590005EB452 /* downrate.png in Resources */,
				1B07268D15D32590005EB452 /* uprate.png in Resources */,
				6F8C34F015D42D0E00EC82E9 /* polls.png in Resources */,
				6F8C34F115D42D0E00EC82E9 /* polls@2x.png in Resources */,
			);
			runOnlyForDeploymentPostprocessing = 0;
		};
/* End PBXResourcesBuildPhase section */

/* Begin PBXSourcesBuildPhase section */
		1BA358DF1582F05E00EB8F32 /* Sources */ = {
			isa = PBXSourcesBuildPhase;
			buildActionMask = 2147483647;
			files = (
				1BA358F41582F05E00EB8F32 /* main.m in Sources */,
				1BA358F81582F05E00EB8F32 /* AppDelegate.m in Sources */,
				1B9389BB1584EF010088F468 /* BusinessLocationsTracker.m in Sources */,
				6F2A39171587B2AB0024FB52 /* Business.m in Sources */,
				6FAB07A01587BF0700C9F1DF /* BusinessAnnotation.m in Sources */,
				1B301C621588580E0038A5BE /* NFViewController.m in Sources */,
				1B301C67158858430038A5BE /* EmployeeViewController.m in Sources */,
				1B301C6D158858560038A5BE /* QuestionsViewController.m in Sources */,
				6F37B93B1589400E001DD06D /* NFItemViewController.m in Sources */,
				6F462623158A8BDE007EA86E /* NFItem.m in Sources */,
				6F40324C158BA1B700024402 /* Survey.m in Sources */,
				6F403250158BA4C400024402 /* SurveyField.m in Sources */,
				6F8C8A2B158C03DB00BB4BA0 /* Employee.m in Sources */,
				1BFF2E7E158D9CDC00753F94 /* EmployeeListViewController.m in Sources */,
				1B514013158F9441008CB057 /* ApplaudProgramState.xcdatamodeld in Sources */,
				1B514016158FA233008CB057 /* ApplaudProgramSettingsModel.m in Sources */,
				1B9528C01590D87500103723 /* ConnectionManager.m in Sources */,
				6F3EA47715BE039D006E66A8 /* BusinessPhotoViewController.m in Sources */,
				1B12763215B89B9600980AA2 /* MasterViewController.m in Sources */,
				1B9C3A6815BA0637000EEF1A /* SurveyAccordionCell.m in Sources */,
				6F9E60D915C06E37006BD49A /* BusinessPhoto.m in Sources */,
				1BD494F215BF1E05006A01A9 /* NFTableViewCell.m in Sources */,
				1BB4AC9F15BF3E68003E8B29 /* EmployeeBioCell.m in Sources */,
				1B5D030A15C4564300976D33 /* ErrorViewController.m in Sources */,
				6F6F702715C85F0E007C8DF7 /* EmployeeCell.m in Sources */,
				6F66787615C9EFCE00A7AA1D /* NFItemTableViewCell.m in Sources */,
				1B3769E015D05505001214B7 /* PollsViewController.m in Sources */,
				1B3769E515D057C4001214B7 /* Poll.m in Sources */,
				1BC0D1C315D082A40027F9BF /* NewPollViewController.m in Sources */,
				1B0FA55615D0D9B80031259F /* PollFieldCell.m in Sources */,
				1B67EE7D15D1B64400F94CA0 /* PollSubmitCancelCell.m in Sources */,
				1BD05DAA15D1FC900033DDFC /* PollOptionCell.m in Sources */,
			);
			runOnlyForDeploymentPostprocessing = 0;
		};
/* End PBXSourcesBuildPhase section */

/* Begin PBXTargetDependency section */
		1B73581C15BDF06300D87F4E /* PBXTargetDependency */ = {
			isa = PBXTargetDependency;
			name = "SDWebImage ARC";
			targetProxy = 1B73581B15BDF06300D87F4E /* PBXContainerItemProxy */;
		};
/* End PBXTargetDependency section */

/* Begin PBXVariantGroup section */
		1BA358F01582F05E00EB8F32 /* InfoPlist.strings */ = {
			isa = PBXVariantGroup;
			children = (
				1BA358F11582F05E00EB8F32 /* en */,
			);
			name = InfoPlist.strings;
			sourceTree = "<group>";
		};
/* End PBXVariantGroup section */

/* Begin XCBuildConfiguration section */
		1BA358F91582F05E00EB8F32 /* Debug */ = {
			isa = XCBuildConfiguration;
			buildSettings = {
				ALWAYS_SEARCH_USER_PATHS = NO;
				ARCHS = "$(ARCHS_STANDARD_32_BIT)";
				CLANG_ENABLE_OBJC_ARC = YES;
				"CODE_SIGN_IDENTITY[sdk=iphoneos*]" = "iPhone Developer";
				COPY_PHASE_STRIP = NO;
				GCC_C_LANGUAGE_STANDARD = gnu99;
				GCC_DYNAMIC_NO_PIC = NO;
				GCC_OPTIMIZATION_LEVEL = 0;
				GCC_PREPROCESSOR_DEFINITIONS = (
					"DEBUG=1",
					"$(inherited)",
				);
				GCC_SYMBOLS_PRIVATE_EXTERN = NO;
				GCC_VERSION = com.apple.compilers.llvm.clang.1_0;
				GCC_WARN_ABOUT_RETURN_TYPE = YES;
				GCC_WARN_UNINITIALIZED_AUTOS = YES;
				GCC_WARN_UNUSED_VARIABLE = YES;
				IPHONEOS_DEPLOYMENT_TARGET = 5.1;
				SDKROOT = iphoneos;
				TARGETED_DEVICE_FAMILY = "1,2";
			};
			name = Debug;
		};
		1BA358FA1582F05E00EB8F32 /* Release */ = {
			isa = XCBuildConfiguration;
			buildSettings = {
				ALWAYS_SEARCH_USER_PATHS = NO;
				ARCHS = "$(ARCHS_STANDARD_32_BIT)";
				CLANG_ENABLE_OBJC_ARC = YES;
				"CODE_SIGN_IDENTITY[sdk=iphoneos*]" = "iPhone Developer";
				COPY_PHASE_STRIP = YES;
				GCC_C_LANGUAGE_STANDARD = gnu99;
				GCC_VERSION = com.apple.compilers.llvm.clang.1_0;
				GCC_WARN_ABOUT_RETURN_TYPE = YES;
				GCC_WARN_UNINITIALIZED_AUTOS = YES;
				GCC_WARN_UNUSED_VARIABLE = YES;
				IPHONEOS_DEPLOYMENT_TARGET = 5.1;
				OTHER_CFLAGS = "-DNS_BLOCK_ASSERTIONS=1";
				SDKROOT = iphoneos;
				TARGETED_DEVICE_FAMILY = "1,2";
				VALIDATE_PRODUCT = YES;
			};
			name = Release;
		};
		1BA358FC1582F05E00EB8F32 /* Debug */ = {
			isa = XCBuildConfiguration;
			buildSettings = {
				GCC_PRECOMPILE_PREFIX_HEADER = YES;
				GCC_PREFIX_HEADER = "ApplaudLocations/ApplaudIOS-Prefix.pch";
				INFOPLIST_FILE = "ApplaudLocations/ApplaudIOS-Info.plist";
				"OTHER_LDFLAGS[arch=*]" = "-ObjC";
				PRODUCT_NAME = "$(TARGET_NAME)";
				TARGETED_DEVICE_FAMILY = 1;
				WRAPPER_EXTENSION = app;
			};
			name = Debug;
		};
		1BA358FD1582F05E00EB8F32 /* Release */ = {
			isa = XCBuildConfiguration;
			buildSettings = {
				GCC_PRECOMPILE_PREFIX_HEADER = YES;
				GCC_PREFIX_HEADER = "ApplaudLocations/ApplaudIOS-Prefix.pch";
				INFOPLIST_FILE = "ApplaudLocations/ApplaudIOS-Info.plist";
				"OTHER_LDFLAGS[arch=*]" = "-ObjC";
				PRODUCT_NAME = "$(TARGET_NAME)";
				TARGETED_DEVICE_FAMILY = 1;
				WRAPPER_EXTENSION = app;
			};
			name = Release;
		};
/* End XCBuildConfiguration section */

/* Begin XCConfigurationList section */
		1BA358DD1582F05E00EB8F32 /* Build configuration list for PBXProject "ApplaudIOS" */ = {
			isa = XCConfigurationList;
			buildConfigurations = (
				1BA358F91582F05E00EB8F32 /* Debug */,
				1BA358FA1582F05E00EB8F32 /* Release */,
			);
			defaultConfigurationIsVisible = 0;
			defaultConfigurationName = Release;
		};
		1BA358FB1582F05E00EB8F32 /* Build configuration list for PBXNativeTarget "Apatapa" */ = {
			isa = XCConfigurationList;
			buildConfigurations = (
				1BA358FC1582F05E00EB8F32 /* Debug */,
				1BA358FD1582F05E00EB8F32 /* Release */,
			);
			defaultConfigurationIsVisible = 0;
			defaultConfigurationName = Release;
		};
/* End XCConfigurationList section */

/* Begin XCVersionGroup section */
		1B514011158F9441008CB057 /* ApplaudProgramState.xcdatamodeld */ = {
			isa = XCVersionGroup;
			children = (
				1B514012158F9441008CB057 /* ApplaudProgramState.xcdatamodel */,
			);
			currentVersion = 1B514012158F9441008CB057 /* ApplaudProgramState.xcdatamodel */;
			path = ApplaudProgramState.xcdatamodeld;
			sourceTree = "<group>";
			versionGroupType = wrapper.xcdatamodel;
		};
/* End XCVersionGroup section */
	};
	rootObject = 1BA358DA1582F05E00EB8F32 /* Project object */;
}
